
Microsoft Visual Studio Solution File, Format Version 12.00
# Visual Studio Version 17
VisualStudioVersion = 17.2.32630.192
MinimumVisualStudioVersion = 10.0.40219.1
Project("{FAE04EC0-301F-11D3-BF4B-00C04F79EFBC}") = "WebApiMinimal", "WebApiMinimal\WebApiMinimal.csproj", "{32F4C614-FD19-4313-A4E8-5B5EC8B5216D}"
EndProject
Global
	GlobalSection(SolutionConfigurationPlatforms) = preSolution
		Debug|Any CPU = Debug|Any CPU
		Release|Any CPU = Release|Any CPU
	EndGlobalSection
	GlobalSection(ProjectConfigurationPlatforms) = postSolution
		{32F4C614-FD19-4313-A4E8-5B5EC8B5216D}.Debug|Any CPU.ActiveCfg = Debug|Any CPU
		{32F4C614-FD19-4313-A4E8-5B5EC8B5216D}.Debug|Any CPU.Build.0 = Debug|Any CPU
		{32F4C614-FD19-4313-A4E8-5B5EC8B5216D}.Release|Any CPU.ActiveCfg = Release|Any CPU
		{32F4C614-FD19-4313-A4E8-5B5EC8B5216D}.Release|Any CPU.Build.0 = Release|Any CPU
	EndGlobalSection
	GlobalSection(SolutionProperties) = preSolution
		HideSolutionNode = FALSE
	EndGlobalSection
	GlobalSection(ExtensibilityGlobals) = postSolution
		SolutionGuid = {42BB8E9F-2F1A-435B-9B2C-7E797E0F1503}
	EndGlobalSection
EndGlobal
